
Microsoft Visual Studio Solution File, Format Version 12.00
# Visual Studio Version 17
VisualStudioVersion = 17.8.34511.84
MinimumVisualStudioVersion = 10.0.40219.1
Project("{FAE04EC0-301F-11D3-BF4B-00C04F79EFBC}") = "Demo", "Demo\Demo.csproj", "{FD4FEEE4-CEFD-4503-8ABF-D217367566B8}"
EndProject
Project("{FAE04EC0-301F-11D3-BF4B-00C04F79EFBC}") = "Domain", "Domain\Domain.csproj", "{76767CE0-7AF3-445D-8E15-AE2B1C1A734A}"
EndProject
Project("{FAE04EC0-301F-11D3-BF4B-00C04F79EFBC}") = "Tests", "Tests\Tests.csproj", "{2889068F-145A-415F-BC08-F7EE7E749534}"
EndProject
Global
	GlobalSection(SolutionConfigurationPlatforms) = preSolution
		Debug|Any CPU = Debug|Any CPU
		Release|Any CPU = Release|Any CPU
	EndGlobalSection
	GlobalSection(ProjectConfigurationPlatforms) = postSolution
		{FD4FEEE4-CEFD-4503-8ABF-D217367566B8}.Debug|Any CPU.ActiveCfg = Debug|Any CPU
		{FD4FEEE4-CEFD-4503-8ABF-D217367566B8}.Debug|Any CPU.Build.0 = Debug|Any CPU
		{FD4FEEE4-CEFD-4503-8ABF-D217367566B8}.Release|Any CPU.ActiveCfg = Release|Any CPU
		{FD4FEEE4-CEFD-4503-8ABF-D217367566B8}.Release|Any CPU.Build.0 = Release|Any CPU
		{76767CE0-7AF3-445D-8E15-AE2B1C1A734A}.Debug|Any CPU.ActiveCfg = Debug|Any CPU
		{76767CE0-7AF3-445D-8E15-AE2B1C1A734A}.Debug|Any CPU.Build.0 = Debug|Any CPU
		{76767CE0-7AF3-445D-8E15-AE2B1C1A734A}.Release|Any CPU.ActiveCfg = Release|Any CPU
		{76767CE0-7AF3-445D-8E15-AE2B1C1A734A}.Release|Any CPU.Build.0 = Release|Any CPU
		{2889068F-145A-415F-BC08-F7EE7E749534}.Debug|Any CPU.ActiveCfg = Debug|Any CPU
		{2889068F-145A-415F-BC08-F7EE7E749534}.Debug|Any CPU.Build.0 = Debug|Any CPU
		{2889068F-145A-415F-BC08-F7EE7E749534}.Release|Any CPU.ActiveCfg = Release|Any CPU
		{2889068F-145A-415F-BC08-F7EE7E749534}.Release|Any CPU.Build.0 = Release|Any CPU
	EndGlobalSection
	GlobalSection(SolutionProperties) = preSolution
		HideSolutionNode = FALSE
	EndGlobalSection
	GlobalSection(ExtensibilityGlobals) = postSolution
		SolutionGuid = {C8E64964-7712-49EB-9E05-1A11B937768B}
	EndGlobalSection
EndGlobal
